// !$*UTF8*$!
{
	archiveVersion = 1;
	classes = {
	};
	objectVersion = 56;
	objects = {

/* Begin PBXBuildFile section */
		521BA85F2A1FE5EE002DE693 /* ResponseMockerApp.swift in Sources */ = {isa = PBXBuildFile; fileRef = 521BA85E2A1FE5EE002DE693 /* ResponseMockerApp.swift */; };
		521BA8612A1FE5EE002DE693 /* ContentView.swift in Sources */ = {isa = PBXBuildFile; fileRef = 521BA8602A1FE5EE002DE693 /* ContentView.swift */; };
		521BA8632A1FE5EF002DE693 /* Assets.xcassets in Resources */ = {isa = PBXBuildFile; fileRef = 521BA8622A1FE5EF002DE693 /* Assets.xcassets */; };
		521BA8662A1FE5F0002DE693 /* Preview Assets.xcassets in Resources */ = {isa = PBXBuildFile; fileRef = 521BA8652A1FE5F0002DE693 /* Preview Assets.xcassets */; };
		521BA86F2A1FE696002DE693 /* Vapor in Frameworks */ = {isa = PBXBuildFile; productRef = 521BA86E2A1FE696002DE693 /* Vapor */; };
		521BA8712A1FE6B6002DE693 /* ServerProvider.swift in Sources */ = {isa = PBXBuildFile; fileRef = 521BA8702A1FE6B6002DE693 /* ServerProvider.swift */; };
/* End PBXBuildFile section */

/* Begin PBXFileReference section */
		521BA85B2A1FE5EE002DE693 /* ResponseMocker.app */ = {isa = PBXFileReference; explicitFileType = wrapper.application; includeInIndex = 0; path = ResponseMocker.app; sourceTree = BUILT_PRODUCTS_DIR; };
		521BA85E2A1FE5EE002DE693 /* ResponseMockerApp.swift */ = {isa = PBXFileReference; lastKnownFileType = sourcecode.swift; path = ResponseMockerApp.swift; sourceTree = "<group>"; };
		521BA8602A1FE5EE002DE693 /* ContentView.swift */ = {isa = PBXFileReference; lastKnownFileType = sourcecode.swift; path = ContentView.swift; sourceTree = "<group>"; };
		521BA8622A1FE5EF002DE693 /* Assets.xcassets */ = {isa = PBXFileReference; lastKnownFileType = folder.assetcatalog; path = Assets.xcassets; sourceTree = "<group>"; };
		521BA8652A1FE5F0002DE693 /* Preview Assets.xcassets */ = {isa = PBXFileReference; lastKnownFileType = folder.assetcatalog; path = "Preview Assets.xcassets"; sourceTree = "<group>"; };
		521BA8672A1FE5F0002DE693 /* ResponseMocker.entitlements */ = {isa = PBXFileReference; lastKnownFileType = text.plist.entitlements; path = ResponseMocker.entitlements; sourceTree = "<group>"; };
		521BA8702A1FE6B6002DE693 /* ServerProvider.swift */ = {isa = PBXFileReference; lastKnownFileType = sourcecode.swift; path = ServerProvider.swift; sourceTree = "<group>"; };
/* End PBXFileReference section */

/* Begin PBXFrameworksBuildPhase section */
		521BA8582A1FE5EE002DE693 /* Frameworks */ = {
			isa = PBXFrameworksBuildPhase;
			buildActionMask = 2147483647;
			files = (
				521BA86F2A1FE696002DE693 /* Vapor in Frameworks */,
			);
			runOnlyForDeploymentPostprocessing = 0;
		};
/* End PBXFrameworksBuildPhase section */

/* Begin PBXGroup section */
		521BA8522A1FE5EE002DE693 = {
			isa = PBXGroup;
			children = (
				521BA85D2A1FE5EE002DE693 /* ResponseMocker */,
				521BA85C2A1FE5EE002DE693 /* Products */,
			);
			sourceTree = "<group>";
		};
		521BA85C2A1FE5EE002DE693 /* Products */ = {
			isa = PBXGroup;
			children = (
				521BA85B2A1FE5EE002DE693 /* ResponseMocker.app */,
			);
			name = Products;
			sourceTree = "<group>";
		};
		521BA85D2A1FE5EE002DE693 /* ResponseMocker */ = {
			isa = PBXGroup;
			children = (
				521BA85E2A1FE5EE002DE693 /* ResponseMockerApp.swift */,
				521BA8602A1FE5EE002DE693 /* ContentView.swift */,
				521BA8622A1FE5EF002DE693 /* Assets.xcassets */,
				521BA8672A1FE5F0002DE693 /* ResponseMocker.entitlements */,
				521BA8642A1FE5F0002DE693 /* Preview Content */,
				521BA8702A1FE6B6002DE693 /* ServerProvider.swift */,
			);
			path = ResponseMocker;
			sourceTree = "<group>";
		};
		521BA8642A1FE5F0002DE693 /* Preview Content */ = {
			isa = PBXGroup;
			children = (
				521BA8652A1FE5F0002DE693 /* Preview Assets.xcassets */,
			);
			path = "Preview Content";
			sourceTree = "<group>";
		};
/* End PBXGroup section */

/* Begin PBXNativeTarget section */
		521BA85A2A1FE5EE002DE693 /* ResponseMocker */ = {
			isa = PBXNativeTarget;
			buildConfigurationList = 521BA86A2A1FE5F0002DE693 /* Build configuration list for PBXNativeTarget "ResponseMocker" */;
			buildPhases = (
				521BA8572A1FE5EE002DE693 /* Sources */,
				521BA8582A1FE5EE002DE693 /* Frameworks */,
				521BA8592A1FE5EE002DE693 /* Resources */,
			);
			buildRules = (
			);
			dependencies = (
			);
			name = ResponseMocker;
			packageProductDependencies = (
				521BA86E2A1FE696002DE693 /* Vapor */,
			);
			productName = ResponseMocker;
			productReference = 521BA85B2A1FE5EE002DE693 /* ResponseMocker.app */;
			productType = "com.apple.product-type.application";
		};
/* End PBXNativeTarget section */

/* Begin PBXProject section */
		521BA8532A1FE5EE002DE693 /* Project object */ = {
			isa = PBXProject;
			attributes = {
				BuildIndependentTargetsInParallel = 1;
				LastSwiftUpdateCheck = 1430;
				LastUpgradeCheck = 1430;
				TargetAttributes = {
					521BA85A2A1FE5EE002DE693 = {
						CreatedOnToolsVersion = 14.3;
					};
				};
			};
			buildConfigurationList = 521BA8562A1FE5EE002DE693 /* Build configuration list for PBXProject "ResponseMocker" */;
			compatibilityVersion = "Xcode 14.0";
			developmentRegion = en;
			hasScannedForEncodings = 0;
			knownRegions = (
				en,
				Base,
			);
			mainGroup = 521BA8522A1FE5EE002DE693;
			packageReferences = (
				521BA86D2A1FE696002DE693 /* XCRemoteSwiftPackageReference "vapor" */,
			);
			productRefGroup = 521BA85C2A1FE5EE002DE693 /* Products */;
			projectDirPath = "";
			projectRoot = "";
			targets = (
				521BA85A2A1FE5EE002DE693 /* ResponseMocker */,
			);
		};
/* End PBXProject section */

/* Begin PBXResourcesBuildPhase section */
		521BA8592A1FE5EE002DE693 /* Resources */ = {
			isa = PBXResourcesBuildPhase;
			buildActionMask = 2147483647;
			files = (
				521BA8662A1FE5F0002DE693 /* Preview Assets.xcassets in Resources */,
				521BA8632A1FE5EF002DE693 /* Assets.xcassets in Resources */,
			);
			runOnlyForDeploymentPostprocessing = 0;
		};
/* End PBXResourcesBuildPhase section */

/* Begin PBXSourcesBuildPhase section */
		521BA8572A1FE5EE002DE693 /* Sources */ = {
			isa = PBXSourcesBuildPhase;
			buildActionMask = 2147483647;
			files = (
				521BA8712A1FE6B6002DE693 /* ServerProvider.swift in Sources */,
				521BA8612A1FE5EE002DE693 /* ContentView.swift in Sources */,
				521BA85F2A1FE5EE002DE693 /* ResponseMockerApp.swift in Sources */,
			);
			runOnlyForDeploymentPostprocessing = 0;
		};
/* End PBXSourcesBuildPhase section */

/* Begin XCBuildConfiguration section */
		521BA8682A1FE5F0002DE693 /* Debug */ = {
			isa = XCBuildConfiguration;
			buildSettings = {
				ALWAYS_SEARCH_USER_PATHS = NO;
				CLANG_ANALYZER_NONNULL = YES;
				CLANG_ANALYZER_NUMBER_OBJECT_CONVERSION = YES_AGGRESSIVE;
				CLANG_CXX_LANGUAGE_STANDARD = "gnu++20";
				CLANG_ENABLE_MODULES = YES;
				CLANG_ENABLE_OBJC_ARC = YES;
				CLANG_ENABLE_OBJC_WEAK = YES;
				CLANG_WARN_BLOCK_CAPTURE_AUTORELEASING = YES;
				CLANG_WARN_BOOL_CONVERSION = YES;
				CLANG_WARN_COMMA = YES;
				CLANG_WARN_CONSTANT_CONVERSION = YES;
				CLANG_WARN_DEPRECATED_OBJC_IMPLEMENTATIONS = YES;
				CLANG_WARN_DIRECT_OBJC_ISA_USAGE = YES_ERROR;
				CLANG_WARN_DOCUMENTATION_COMMENTS = YES;
				CLANG_WARN_EMPTY_BODY = YES;
				CLANG_WARN_ENUM_CONVERSION = YES;
				CLANG_WARN_INFINITE_RECURSION = YES;
				CLANG_WARN_INT_CONVERSION = YES;
				CLANG_WARN_NON_LITERAL_NULL_CONVERSION = YES;
				CLANG_WARN_OBJC_IMPLICIT_RETAIN_SELF = YES;
				CLANG_WARN_OBJC_LITERAL_CONVERSION = YES;
				CLANG_WARN_OBJC_ROOT_CLASS = YES_ERROR;
				CLANG_WARN_QUOTED_INCLUDE_IN_FRAMEWORK_HEADER = YES;
				CLANG_WARN_RANGE_LOOP_ANALYSIS = YES;
				CLANG_WARN_STRICT_PROTOTYPES = YES;
				CLANG_WARN_SUSPICIOUS_MOVE = YES;
				CLANG_WARN_UNGUARDED_AVAILABILITY = YES_AGGRESSIVE;
				CLANG_WARN_UNREACHABLE_CODE = YES;
				CLANG_WARN__DUPLICATE_METHOD_MATCH = YES;
				COPY_PHASE_STRIP = NO;
				DEBUG_INFORMATION_FORMAT = dwarf;
				ENABLE_STRICT_OBJC_MSGSEND = YES;
				ENABLE_TESTABILITY = YES;
				GCC_C_LANGUAGE_STANDARD = gnu11;
				GCC_DYNAMIC_NO_PIC = NO;
				GCC_NO_COMMON_BLOCKS = YES;
				GCC_OPTIMIZATION_LEVEL = 0;
				GCC_PREPROCESSOR_DEFINITIONS = (
					"DEBUG=1",
					"$(inherited)",
				);
				GCC_WARN_64_TO_32_BIT_CONVERSION = YES;
				GCC_WARN_ABOUT_RETURN_TYPE = YES_ERROR;
				GCC_WARN_UNDECLARED_SELECTOR = YES;
				GCC_WARN_UNINITIALIZED_AUTOS = YES_AGGRESSIVE;
				GCC_WARN_UNUSED_FUNCTION = YES;
				GCC_WARN_UNUSED_VARIABLE = YES;
				MACOSX_DEPLOYMENT_TARGET = 13.3;
				MTL_ENABLE_DEBUG_INFO = INCLUDE_SOURCE;
				MTL_FAST_MATH = YES;
				ONLY_ACTIVE_ARCH = YES;
				SDKROOT = macosx;
				SWIFT_ACTIVE_COMPILATION_CONDITIONS = DEBUG;
				SWIFT_OPTIMIZATION_LEVEL = "-Onone";
			};
			name = Debug;
		};
		521BA8692A1FE5F0002DE693 /* Release */ = {
			isa = XCBuildConfiguration;
			buildSettings = {
				ALWAYS_SEARCH_USER_PATHS = NO;
				CLANG_ANALYZER_NONNULL = YES;
				CLANG_ANALYZER_NUMBER_OBJECT_CONVERSION = YES_AGGRESSIVE;
				CLANG_CXX_LANGUAGE_STANDARD = "gnu++20";
				CLANG_ENABLE_MODULES = YES;
				CLANG_ENABLE_OBJC_ARC = YES;
				CLANG_ENABLE_OBJC_WEAK = YES;
				CLANG_WARN_BLOCK_CAPTURE_AUTORELEASING = YES;
				CLANG_WARN_BOOL_CONVERSION = YES;
				CLANG_WARN_COMMA = YES;
				CLANG_WARN_CONSTANT_CONVERSION = YES;
				CLANG_WARN_DEPRECATED_OBJC_IMPLEMENTATIONS = YES;
				CLANG_WARN_DIRECT_OBJC_ISA_USAGE = YES_ERROR;
				CLANG_WARN_DOCUMENTATION_COMMENTS = YES;
				CLANG_WARN_EMPTY_BODY = YES;
				CLANG_WARN_ENUM_CONVERSION = YES;
				CLANG_WARN_INFINITE_RECURSION = YES;
				CLANG_WARN_INT_CONVERSION = YES;
				CLANG_WARN_NON_LITERAL_NULL_CONVERSION = YES;
				CLANG_WARN_OBJC_IMPLICIT_RETAIN_SELF = YES;
				CLANG_WARN_OBJC_LITERAL_CONVERSION = YES;
				CLANG_WARN_OBJC_ROOT_CLASS = YES_ERROR;
				CLANG_WARN_QUOTED_INCLUDE_IN_FRAMEWORK_HEADER = YES;
				CLANG_WARN_RANGE_LOOP_ANALYSIS = YES;
				CLANG_WARN_STRICT_PROTOTYPES = YES;
				CLANG_WARN_SUSPICIOUS_MOVE = YES;
				CLANG_WARN_UNGUARDED_AVAILABILITY = YES_AGGRESSIVE;
				CLANG_WARN_UNREACHABLE_CODE = YES;
				CLANG_WARN__DUPLICATE_METHOD_MATCH = YES;
				COPY_PHASE_STRIP = NO;
				DEBUG_INFORMATION_FORMAT = "dwarf-with-dsym";
				ENABLE_NS_ASSERTIONS = NO;
				ENABLE_STRICT_OBJC_MSGSEND = YES;
				GCC_C_LANGUAGE_STANDARD = gnu11;
				GCC_NO_COMMON_BLOCKS = YES;
				GCC_WARN_64_TO_32_BIT_CONVERSION = YES;
				GCC_WARN_ABOUT_RETURN_TYPE = YES_ERROR;
				GCC_WARN_UNDECLARED_SELECTOR = YES;
				GCC_WARN_UNINITIALIZED_AUTOS = YES_AGGRESSIVE;
				GCC_WARN_UNUSED_FUNCTION = YES;
				GCC_WARN_UNUSED_VARIABLE = YES;
				MACOSX_DEPLOYMENT_TARGET = 13.3;
				MTL_ENABLE_DEBUG_INFO = NO;
				MTL_FAST_MATH = YES;
				SDKROOT = macosx;
				SWIFT_COMPILATION_MODE = wholemodule;
				SWIFT_OPTIMIZATION_LEVEL = "-O";
			};
			name = Release;
		};
		521BA86B2A1FE5F0002DE693 /* Debug */ = {
			isa = XCBuildConfiguration;
			buildSettings = {
				ASSETCATALOG_COMPILER_APPICON_NAME = AppIcon;
				ASSETCATALOG_COMPILER_GLOBAL_ACCENT_COLOR_NAME = AccentColor;
				CODE_SIGN_ENTITLEMENTS = ResponseMocker/ResponseMocker.entitlements;
				CODE_SIGN_STYLE = Automatic;
				COMBINE_HIDPI_IMAGES = YES;
				CURRENT_PROJECT_VERSION = 1;
				DEVELOPMENT_ASSET_PATHS = "\"ResponseMocker/Preview Content\"";
				DEVELOPMENT_TEAM = MU87UPK8Q4;
				ENABLE_HARDENED_RUNTIME = YES;
				ENABLE_PREVIEWS = YES;
				GENERATE_INFOPLIST_FILE = YES;
				INFOPLIST_KEY_NSHumanReadableCopyright = "";
				LD_RUNPATH_SEARCH_PATHS = (
					"$(inherited)",
					"@executable_path/../Frameworks",
				);
				MARKETING_VERSION = 1.0;
				PRODUCT_BUNDLE_IDENTIFIER = dev.brurberg.ResponseMocker;
				PRODUCT_NAME = "$(TARGET_NAME)";
				SWIFT_EMIT_LOC_STRINGS = YES;
				SWIFT_VERSION = 5.0;
			};
			name = Debug;
		};
		521BA86C2A1FE5F0002DE693 /* Release */ = {
			isa = XCBuildConfiguration;
			buildSettings = {
				ASSETCATALOG_COMPILER_APPICON_NAME = AppIcon;
				ASSETCATALOG_COMPILER_GLOBAL_ACCENT_COLOR_NAME = AccentColor;
				CODE_SIGN_ENTITLEMENTS = ResponseMocker/ResponseMocker.entitlements;
				CODE_SIGN_STYLE = Automatic;
				COMBINE_HIDPI_IMAGES = YES;
				CURRENT_PROJECT_VERSION = 1;
				DEVELOPMENT_ASSET_PATHS = "\"ResponseMocker/Preview Content\"";
				DEVELOPMENT_TEAM = MU87UPK8Q4;
				ENABLE_HARDENED_RUNTIME = YES;
				ENABLE_PREVIEWS = YES;
				GENERATE_INFOPLIST_FILE = YES;
				INFOPLIST_KEY_NSHumanReadableCopyright = "";
				LD_RUNPATH_SEARCH_PATHS = (
					"$(inherited)",
					"@executable_path/../Frameworks",
				);
				MARKETING_VERSION = 1.0;
				PRODUCT_BUNDLE_IDENTIFIER = dev.brurberg.ResponseMocker;
				PRODUCT_NAME = "$(TARGET_NAME)";
				SWIFT_EMIT_LOC_STRINGS = YES;
				SWIFT_VERSION = 5.0;
			};
			name = Release;
		};
/* End XCBuildConfiguration section */

/* Begin XCConfigurationList section */
		521BA8562A1FE5EE002DE693 /* Build configuration list for PBXProject "ResponseMocker" */ = {
			isa = XCConfigurationList;
			buildConfigurations = (
				521BA8682A1FE5F0002DE693 /* Debug */,
				521BA8692A1FE5F0002DE693 /* Release */,
			);
			defaultConfigurationIsVisible = 0;
			defaultConfigurationName = Release;
		};
		521BA86A2A1FE5F0002DE693 /* Build configuration list for PBXNativeTarget "ResponseMocker" */ = {
			isa = XCConfigurationList;
			buildConfigurations = (
				521BA86B2A1FE5F0002DE693 /* Debug */,
				521BA86C2A1FE5F0002DE693 /* Release */,
			);
			defaultConfigurationIsVisible = 0;
			defaultConfigurationName = Release;
		};
/* End XCConfigurationList section */

/* Begin XCRemoteSwiftPackageReference section */
		521BA86D2A1FE696002DE693 /* XCRemoteSwiftPackageReference "vapor" */ = {
			isa = XCRemoteSwiftPackageReference;
			repositoryURL = "https://github.com/vapor/vapor.git";
			requirement = {
				kind = upToNextMajorVersion;
				minimumVersion = 4.0.0;
			};
		};
/* End XCRemoteSwiftPackageReference section */

/* Begin XCSwiftPackageProductDependency section */
		521BA86E2A1FE696002DE693 /* Vapor */ = {
			isa = XCSwiftPackageProductDependency;
			package = 521BA86D2A1FE696002DE693 /* XCRemoteSwiftPackageReference "vapor" */;
			productName = Vapor;
		};
/* End XCSwiftPackageProductDependency section */
	};
	rootObject = 521BA8532A1FE5EE002DE693 /* Project object */;
}
